// !$*UTF8*$!
{
	archiveVersion = 1;
	classes = {
	};
	objectVersion = 48;
	objects = {

/* Begin PBXBuildFile section */
		BB15235D21300E1C00865FD7 /* AppDelegate.swift in Sources */ = {isa = PBXBuildFile; fileRef = BB15235C21300E1C00865FD7 /* AppDelegate.swift */; };
		BB15235F21300E1C00865FD7 /* ViewController.swift in Sources */ = {isa = PBXBuildFile; fileRef = BB15235E21300E1C00865FD7 /* ViewController.swift */; };
		BB15236221300E1C00865FD7 /* Main.storyboard in Resources */ = {isa = PBXBuildFile; fileRef = BB15236021300E1C00865FD7 /* Main.storyboard */; };
		BB15236521300E1C00865FD7 /* Coredata2_App.xcdatamodeld in Sources */ = {isa = PBXBuildFile; fileRef = BB15236321300E1C00865FD7 /* Coredata2_App.xcdatamodeld */; };
		BB15236721300E1C00865FD7 /* Assets.xcassets in Resources */ = {isa = PBXBuildFile; fileRef = BB15236621300E1C00865FD7 /* Assets.xcassets */; };
		BB15236A21300E1C00865FD7 /* LaunchScreen.storyboard in Resources */ = {isa = PBXBuildFile; fileRef = BB15236821300E1C00865FD7 /* LaunchScreen.storyboard */; };
/* End PBXBuildFile section */

/* Begin PBXFileReference section */
		BB15235921300E1C00865FD7 /* Coredata2 App.app */ = {isa = PBXFileReference; explicitFileType = wrapper.application; includeInIndex = 0; path = "Coredata2 App.app"; sourceTree = BUILT_PRODUCTS_DIR; };
		BB15235C21300E1C00865FD7 /* AppDelegate.swift */ = {isa = PBXFileReference; lastKnownFileType = sourcecode.swift; path = AppDelegate.swift; sourceTree = "<group>"; };
		BB15235E21300E1C00865FD7 /* ViewController.swift */ = {isa = PBXFileReference; lastKnownFileType = sourcecode.swift; path = ViewController.swift; sourceTree = "<group>"; };
		BB15236121300E1C00865FD7 /* Base */ = {isa = PBXFileReference; lastKnownFileType = file.storyboard; name = Base; path = Base.lproj/Main.storyboard; sourceTree = "<group>"; };
		BB15236421300E1C00865FD7 /* Coredata2_App.xcdatamodel */ = {isa = PBXFileReference; lastKnownFileType = wrapper.xcdatamodel; path = Coredata2_App.xcdatamodel; sourceTree = "<group>"; };
		BB15236621300E1C00865FD7 /* Assets.xcassets */ = {isa = PBXFileReference; lastKnownFileType = folder.assetcatalog; path = Assets.xcassets; sourceTree = "<group>"; };
		BB15236921300E1C00865FD7 /* Base */ = {isa = PBXFileReference; lastKnownFileType = file.storyboard; name = Base; path = Base.lproj/LaunchScreen.storyboard; sourceTree = "<group>"; };
		BB15236B21300E1D00865FD7 /* Info.plist */ = {isa = PBXFileReference; lastKnownFileType = text.plist.xml; path = Info.plist; sourceTree = "<group>"; };
/* End PBXFileReference section */

/* Begin PBXFrameworksBuildPhase section */
		BB15235621300E1C00865FD7 /* Frameworks */ = {
			isa = PBXFrameworksBuildPhase;
			buildActionMask = 2147483647;
			files = (
			);
			runOnlyForDeploymentPostprocessing = 0;
		};
/* End PBXFrameworksBuildPhase section */

/* Begin PBXGroup section */
		BB15235021300E1C00865FD7 = {
			isa = PBXGroup;
			children = (
				BB15235B21300E1C00865FD7 /* Coredata2 App */,
				BB15235A21300E1C00865FD7 /* Products */,
			);
			sourceTree = "<group>";
		};
		BB15235A21300E1C00865FD7 /* Products */ = {
			isa = PBXGroup;
			children = (
				BB15235921300E1C00865FD7 /* Coredata2 App.app */,
			);
			name = Products;
			sourceTree = "<group>";
		};
		BB15235B21300E1C00865FD7 /* Coredata2 App */ = {
			isa = PBXGroup;
			children = (
				BB15235C21300E1C00865FD7 /* AppDelegate.swift */,
				BB15235E21300E1C00865FD7 /* ViewController.swift */,
				BB15236021300E1C00865FD7 /* Main.storyboard */,
				BB15236621300E1C00865FD7 /* Assets.xcassets */,
				BB15236821300E1C00865FD7 /* LaunchScreen.storyboard */,
				BB15236B21300E1D00865FD7 /* Info.plist */,
				BB15236321300E1C00865FD7 /* Coredata2_App.xcdatamodeld */,
			);
			path = "Coredata2 App";
			sourceTree = "<group>";
		};
/* End PBXGroup section */

/* Begin PBXNativeTarget section */
		BB15235821300E1C00865FD7 /* Coredata2 App */ = {
			isa = PBXNativeTarget;
			buildConfigurationList = BB15236E21300E1D00865FD7 /* Build configuration list for PBXNativeTarget "Coredata2 App" */;
			buildPhases = (
				BB15235521300E1C00865FD7 /* Sources */,
				BB15235621300E1C00865FD7 /* Frameworks */,
				BB15235721300E1C00865FD7 /* Resources */,
			);
			buildRules = (
			);
			dependencies = (
			);
			name = "Coredata2 App";
			productName = "Coredata2 App";
			productReference = BB15235921300E1C00865FD7 /* Coredata2 App.app */;
			productType = "com.apple.product-type.application";
		};
/* End PBXNativeTarget section */

/* Begin PBXProject section */
		BB15235121300E1C00865FD7 /* Project object */ = {
			isa = PBXProject;
			attributes = {
				LastSwiftUpdateCheck = 0920;
				LastUpgradeCheck = 0920;
				ORGANIZATIONNAME = ZidniRyi;
				TargetAttributes = {
					BB15235821300E1C00865FD7 = {
						CreatedOnToolsVersion = 9.2;
						ProvisioningStyle = Automatic;
					};
				};
			};
			buildConfigurationList = BB15235421300E1C00865FD7 /* Build configuration list for PBXProject "Coredata2 App" */;
			compatibilityVersion = "Xcode 8.0";
			developmentRegion = en;
			hasScannedForEncodings = 0;
			knownRegions = (
				en,
				Base,
			);
			mainGroup = BB15235021300E1C00865FD7;
			productRefGroup = BB15235A21300E1C00865FD7 /* Products */;
			projectDirPath = "";
			projectRoot = "";
			targets = (
				BB15235821300E1C00865FD7 /* Coredata2 App */,
			);
		};
/* End PBXProject section */

/* Begin PBXResourcesBuildPhase section */
		BB15235721300E1C00865FD7 /* Resources */ = {
			isa = PBXResourcesBuildPhase;
			buildActionMask = 2147483647;
			files = (
				BB15236A21300E1C00865FD7 /* LaunchScreen.storyboard in Resources */,
				BB15236721300E1C00865FD7 /* Assets.xcassets in Resources */,
				BB15236221300E1C00865FD7 /* Main.storyboard in Resources */,
			);
			runOnlyForDeploymentPostprocessing = 0;
		};
/* End PBXResourcesBuildPhase section */

/* Begin PBXSourcesBuildPhase section */
		BB15235521300E1C00865FD7 /* Sources */ = {
			isa = PBXSourcesBuildPhase;
			buildActionMask = 2147483647;
			files = (
				BB15236521300E1C00865FD7 /* Coredata2_App.xcdatamodeld in Sources */,
				BB15235F21300E1C00865FD7 /* ViewController.swift in Sources */,
				BB15235D21300E1C00865FD7 /* AppDelegate.swift in Sources */,
			);
			runOnlyForDeploymentPostprocessing = 0;
		};
/* End PBXSourcesBuildPhase section */

/* Begin PBXVariantGroup section */
		BB15236021300E1C00865FD7 /* Main.storyboard */ = {
			isa = PBXVariantGroup;
			children = (
				BB15236121300E1C00865FD7 /* Base */,
			);
			name = Main.storyboard;
			sourceTree = "<group>";
		};
		BB15236821300E1C00865FD7 /* LaunchScreen.storyboard */ = {
			isa = PBXVariantGroup;
			children = (
				BB15236921300E1C00865FD7 /* Base */,
			);
			name = LaunchScreen.storyboard;
			sourceTree = "<group>";
		};
/* End PBXVariantGroup section */

/* Begin XCBuildConfiguration section */
		BB15236C21300E1D00865FD7 /* Debug */ = {
			isa = XCBuildConfiguration;
			buildSettings = {
				ALWAYS_SEARCH_USER_PATHS = NO;
				CLANG_ANALYZER_NONNULL = YES;
				CLANG_ANALYZER_NUMBER_OBJECT_CONVERSION = YES_AGGRESSIVE;
				CLANG_CXX_LANGUAGE_STANDARD = "gnu++14";
				CLANG_CXX_LIBRARY = "libc++";
				CLANG_ENABLE_MODULES = YES;
				CLANG_ENABLE_OBJC_ARC = YES;
				CLANG_WARN_BLOCK_CAPTURE_AUTORELEASING = YES;
				CLANG_WARN_BOOL_CONVERSION = YES;
				CLANG_WARN_COMMA = YES;
				CLANG_WARN_CONSTANT_CONVERSION = YES;
				CLANG_WARN_DIRECT_OBJC_ISA_USAGE = YES_ERROR;
				CLANG_WARN_DOCUMENTATION_COMMENTS = YES;
				CLANG_WARN_EMPTY_BODY = YES;
				CLANG_WARN_ENUM_CONVERSION = YES;
				CLANG_WARN_INFINITE_RECURSION = YES;
				CLANG_WARN_INT_CONVERSION = YES;
				CLANG_WARN_NON_LITERAL_NULL_CONVERSION = YES;
				CLANG_WARN_OBJC_LITERAL_CONVERSION = YES;
				CLANG_WARN_OBJC_ROOT_CLASS = YES_ERROR;
				CLANG_WARN_RANGE_LOOP_ANALYSIS = YES;
				CLANG_WARN_STRICT_PROTOTYPES = YES;
				CLANG_WARN_SUSPICIOUS_MOVE = YES;
				CLANG_WARN_UNGUARDED_AVAILABILITY = YES_AGGRESSIVE;
				CLANG_WARN_UNREACHABLE_CODE = YES;
				CLANG_WARN__DUPLICATE_METHOD_MATCH = YES;
				CODE_SIGN_IDENTITY = "iPhone Developer";
				COPY_PHASE_STRIP = NO;
				DEBUG_INFORMATION_FORMAT = dwarf;
				ENABLE_STRICT_OBJC_MSGSEND = YES;
				ENABLE_TESTABILITY = YES;
				GCC_C_LANGUAGE_STANDARD = gnu11;
				GCC_DYNAMIC_NO_PIC = NO;
				GCC_NO_COMMON_BLOCKS = YES;
				GCC_OPTIMIZATION_LEVEL = 0;
				GCC_PREPROCESSOR_DEFINITIONS = (
					"DEBUG=1",
					"$(inherited)",
				);
				GCC_WARN_64_TO_32_BIT_CONVERSION = YES;
				GCC_WARN_ABOUT_RETURN_TYPE = YES_ERROR;
				GCC_WARN_UNDECLARED_SELECTOR = YES;
				GCC_WARN_UNINITIALIZED_AUTOS = YES_AGGRESSIVE;
				GCC_WARN_UNUSED_FUNCTION = YES;
				GCC_WARN_UNUSED_VARIABLE = YES;
				IPHONEOS_DEPLOYMENT_TARGET = 11.2;
				MTL_ENABLE_DEBUG_INFO = YES;
				ONLY_ACTIVE_ARCH = YES;
				SDKROOT = iphoneos;
				SWIFT_ACTIVE_COMPILATION_CONDITIONS = DEBUG;
				SWIFT_OPTIMIZATION_LEVEL = "-Onone";
			};
			name = Debug;
		};
		BB15236D21300E1D00865FD7 /* Release */ = {
			isa = XCBuildConfiguration;
			buildSettings = {
				ALWAYS_SEARCH_USER_PATHS = NO;
				CLANG_ANALYZER_NONNULL = YES;
				CLANG_ANALYZER_NUMBER_OBJECT_CONVERSION = YES_AGGRESSIVE;
				CLANG_CXX_LANGUAGE_STANDARD = "gnu++14";
				CLANG_CXX_LIBRARY = "libc++";
				CLANG_ENABLE_MODULES = YES;
				CLANG_ENABLE_OBJC_ARC = YES;
				CLANG_WARN_BLOCK_CAPTURE_AUTORELEASING = YES;
				CLANG_WARN_BOOL_CONVERSION = YES;
				CLANG_WARN_COMMA = YES;
				CLANG_WARN_CONSTANT_CONVERSION = YES;
				CLANG_WARN_DIRECT_OBJC_ISA_USAGE = YES_ERROR;
				CLANG_WARN_DOCUMENTATION_COMMENTS = YES;
				CLANG_WARN_EMPTY_BODY = YES;
				CLANG_WARN_ENUM_CONVERSION = YES;
				CLANG_WARN_INFINITE_RECURSION = YES;
				CLANG_WARN_INT_CONVERSION = YES;
				CLANG_WARN_NON_LITERAL_NULL_CONVERSION = YES;
				CLANG_WARN_OBJC_LITERAL_CONVERSION = YES;
				CLANG_WARN_OBJC_ROOT_CLASS = YES_ERROR;
				CLANG_WARN_RANGE_LOOP_ANALYSIS = YES;
				CLANG_WARN_STRICT_PROTOTYPES = YES;
				CLANG_WARN_SUSPICIOUS_MOVE = YES;
				CLANG_WARN_UNGUARDED_AVAILABILITY = YES_AGGRESSIVE;
				CLANG_WARN_UNREACHABLE_CODE = YES;
				CLANG_WARN__DUPLICATE_METHOD_MATCH = YES;
				CODE_SIGN_IDENTITY = "iPhone Developer";
				COPY_PHASE_STRIP = NO;
				DEBUG_INFORMATION_FORMAT = "dwarf-with-dsym";
				ENABLE_NS_ASSERTIONS = NO;
				ENABLE_STRICT_OBJC_MSGSEND = YES;
				GCC_C_LANGUAGE_STANDARD = gnu11;
				GCC_NO_COMMON_BLOCKS = YES;
				GCC_WARN_64_TO_32_BIT_CONVERSION = YES;
				GCC_WARN_ABOUT_RETURN_TYPE = YES_ERROR;
				GCC_WARN_UNDECLARED_SELECTOR = YES;
				GCC_WARN_UNINITIALIZED_AUTOS = YES_AGGRESSIVE;
				GCC_WARN_UNUSED_FUNCTION = YES;
				GCC_WARN_UNUSED_VARIABLE = YES;
				IPHONEOS_DEPLOYMENT_TARGET = 11.2;
				MTL_ENABLE_DEBUG_INFO = NO;
				SDKROOT = iphoneos;
				SWIFT_OPTIMIZATION_LEVEL = "-Owholemodule";
				VALIDATE_PRODUCT = YES;
			};
			name = Release;
		};
		BB15236F21300E1D00865FD7 /* Debug */ = {
			isa = XCBuildConfiguration;
			buildSettings = {
				ASSETCATALOG_COMPILER_APPICON_NAME = AppIcon;
				CODE_SIGN_STYLE = Automatic;
				DEVELOPMENT_TEAM = 879P4K449F;
				INFOPLIST_FILE = "Coredata2 App/Info.plist";
				LD_RUNPATH_SEARCH_PATHS = "$(inherited) @executable_path/Frameworks";
				PRODUCT_BUNDLE_IDENTIFIER = "id.slametriyadi.Coredata2-App";
				PRODUCT_NAME = "$(TARGET_NAME)";
				SWIFT_VERSION = 4.0;
				TARGETED_DEVICE_FAMILY = "1,2";
			};
			name = Debug;
		};
		BB15237021300E1D00865FD7 /* Release */ = {
			isa = XCBuildConfiguration;
			buildSettings = {
				ASSETCATALOG_COMPILER_APPICON_NAME = AppIcon;
				CODE_SIGN_STYLE = Automatic;
				DEVELOPMENT_TEAM = 879P4K449F;
				INFOPLIST_FILE = "Coredata2 App/Info.plist";
				LD_RUNPATH_SEARCH_PATHS = "$(inherited) @executable_path/Frameworks";
				PRODUCT_BUNDLE_IDENTIFIER = "id.slametriyadi.Coredata2-App";
				PRODUCT_NAME = "$(TARGET_NAME)";
				SWIFT_VERSION = 4.0;
				TARGETED_DEVICE_FAMILY = "1,2";
			};
			name = Release;
		};
/* End XCBuildConfiguration section */

/* Begin XCConfigurationList section */
		BB15235421300E1C00865FD7 /* Build configuration list for PBXProject "Coredata2 App" */ = {
			isa = XCConfigurationList;
			buildConfigurations = (
				BB15236C21300E1D00865FD7 /* Debug */,
				BB15236D21300E1D00865FD7 /* Release */,
			);
			defaultConfigurationIsVisible = 0;
			defaultConfigurationName = Release;
		};
		BB15236E21300E1D00865FD7 /* Build configuration list for PBXNativeTarget "Coredata2 App" */ = {
			isa = XCConfigurationList;
			buildConfigurations = (
				BB15236F21300E1D00865FD7 /* Debug */,
				BB15237021300E1D00865FD7 /* Release */,
			);
			defaultConfigurationIsVisible = 0;
			defaultConfigurationName = Release;
		};
/* End XCConfigurationList section */

/* Begin XCVersionGroup section */
		BB15236321300E1C00865FD7 /* Coredata2_App.xcdatamodeld */ = {
			isa = XCVersionGroup;
			children = (
				BB15236421300E1C00865FD7 /* Coredata2_App.xcdatamodel */,
			);
			currentVersion = BB15236421300E1C00865FD7 /* Coredata2_App.xcdatamodel */;
			path = Coredata2_App.xcdatamodeld;
			sourceTree = "<group>";
			versionGroupType = wrapper.xcdatamodel;
		};
/* End XCVersionGroup section */
	};
	rootObject = BB15235121300E1C00865FD7 /* Project object */;
}
